
Microsoft Visual Studio Solution File, Format Version 12.00
# Visual Studio 15
VisualStudioVersion = 15.0.28307.705
MinimumVisualStudioVersion = 10.0.40219.1
Project("{FAE04EC0-301F-11D3-BF4B-00C04F79EFBC}") = "FontSample.Android", "FontSample.Android\FontSample.Android.csproj", "{F0A20ECA-75A7-4DA6-8E15-909B44D185AD}"
EndProject
Project("{9A19103F-16F7-4668-BE54-9A1E7A4F7556}") = "FontSample", "FontSample\FontSample.csproj", "{D139C485-DC2C-49A7-A2CE-670B766A2350}"
EndProject
Global
	GlobalSection(SolutionConfigurationPlatforms) = preSolution
		Debug|Any CPU = Debug|Any CPU
		Debug|ARM = Debug|ARM
		Debug|iPhone = Debug|iPhone
		Debug|iPhoneSimulator = Debug|iPhoneSimulator
		Debug|x64 = Debug|x64
		Debug|x86 = Debug|x86
		Release|Any CPU = Release|Any CPU
		Release|ARM = Release|ARM
		Release|iPhone = Release|iPhone
		Release|iPhoneSimulator = Release|iPhoneSimulator
		Release|x64 = Release|x64
		Release|x86 = Release|x86
	EndGlobalSection
	GlobalSection(ProjectConfigurationPlatforms) = postSolution
		{F0A20ECA-75A7-4DA6-8E15-909B44D185AD}.Debug|Any CPU.ActiveCfg = Debug|Any CPU
		{F0A20ECA-75A7-4DA6-8E15-909B44D185AD}.Debug|Any CPU.Build.0 = Debug|Any CPU
		{F0A20ECA-75A7-4DA6-8E15-909B44D185AD}.Debug|Any CPU.Deploy.0 = Debug|Any CPU
		{F0A20ECA-75A7-4DA6-8E15-909B44D185AD}.Debug|ARM.ActiveCfg = Debug|Any CPU
		{F0A20ECA-75A7-4DA6-8E15-909B44D185AD}.Debug|ARM.Build.0 = Debug|Any CPU
		{F0A20ECA-75A7-4DA6-8E15-909B44D185AD}.Debug|ARM.Deploy.0 = Debug|Any CPU
		{F0A20ECA-75A7-4DA6-8E15-909B44D185AD}.Debug|iPhone.ActiveCfg = Debug|Any CPU
		{F0A20ECA-75A7-4DA6-8E15-909B44D185AD}.Debug|iPhone.Build.0 = Debug|Any CPU
		{F0A20ECA-75A7-4DA6-8E15-909B44D185AD}.Debug|iPhone.Deploy.0 = Debug|Any CPU
		{F0A20ECA-75A7-4DA6-8E15-909B44D185AD}.Debug|iPhoneSimulator.ActiveCfg = Debug|Any CPU
		{F0A20ECA-75A7-4DA6-8E15-909B44D185AD}.Debug|iPhoneSimulator.Build.0 = Debug|Any CPU
		{F0A20ECA-75A7-4DA6-8E15-909B44D185AD}.Debug|iPhoneSimulator.Deploy.0 = Debug|Any CPU
		{F0A20ECA-75A7-4DA6-8E15-909B44D185AD}.Debug|x64.ActiveCfg = Debug|Any CPU
		{F0A20ECA-75A7-4DA6-8E15-909B44D185AD}.Debug|x64.Build.0 = Debug|Any CPU
		{F0A20ECA-75A7-4DA6-8E15-909B44D185AD}.Debug|x64.Deploy.0 = Debug|Any CPU
		{F0A20ECA-75A7-4DA6-8E15-909B44D185AD}.Debug|x86.ActiveCfg = Debug|Any CPU
		{F0A20ECA-75A7-4DA6-8E15-909B44D185AD}.Debug|x86.Build.0 = Debug|Any CPU
		{F0A20ECA-75A7-4DA6-8E15-909B44D185AD}.Debug|x86.Deploy.0 = Debug|Any CPU
		{F0A20ECA-75A7-4DA6-8E15-909B44D185AD}.Release|Any CPU.ActiveCfg = Release|Any CPU
		{F0A20ECA-75A7-4DA6-8E15-909B44D185AD}.Release|Any CPU.Build.0 = Release|Any CPU
		{F0A20ECA-75A7-4DA6-8E15-909B44D185AD}.Release|Any CPU.Deploy.0 = Release|Any CPU
		{F0A20ECA-75A7-4DA6-8E15-909B44D185AD}.Release|ARM.ActiveCfg = Release|Any CPU
		{F0A20ECA-75A7-4DA6-8E15-909B44D185AD}.Release|ARM.Build.0 = Release|Any CPU
		{F0A20ECA-75A7-4DA6-8E15-909B44D185AD}.Release|ARM.Deploy.0 = Release|Any CPU
		{F0A20ECA-75A7-4DA6-8E15-909B44D185AD}.Release|iPhone.ActiveCfg = Release|Any CPU
		{F0A20ECA-75A7-4DA6-8E15-909B44D185AD}.Release|iPhone.Build.0 = Release|Any CPU
		{F0A20ECA-75A7-4DA6-8E15-909B44D185AD}.Release|iPhone.Deploy.0 = Release|Any CPU
		{F0A20ECA-75A7-4DA6-8E15-909B44D185AD}.Release|iPhoneSimulator.ActiveCfg = Release|Any CPU
		{F0A20ECA-75A7-4DA6-8E15-909B44D185AD}.Release|iPhoneSimulator.Build.0 = Release|Any CPU
		{F0A20ECA-75A7-4DA6-8E15-909B44D185AD}.Release|iPhoneSimulator.Deploy.0 = Release|Any CPU
		{F0A20ECA-75A7-4DA6-8E15-909B44D185AD}.Release|x64.ActiveCfg = Release|Any CPU
		{F0A20ECA-75A7-4DA6-8E15-909B44D185AD}.Release|x64.Build.0 = Release|Any CPU
		{F0A20ECA-75A7-4DA6-8E15-909B44D185AD}.Release|x64.Deploy.0 = Release|Any CPU
		{F0A20ECA-75A7-4DA6-8E15-909B44D185AD}.Release|x86.ActiveCfg = Release|Any CPU
		{F0A20ECA-75A7-4DA6-8E15-909B44D185AD}.Release|x86.Build.0 = Release|Any CPU
		{F0A20ECA-75A7-4DA6-8E15-909B44D185AD}.Release|x86.Deploy.0 = Release|Any CPU
		{D139C485-DC2C-49A7-A2CE-670B766A2350}.Debug|Any CPU.ActiveCfg = Debug|Any CPU
		{D139C485-DC2C-49A7-A2CE-670B766A2350}.Debug|Any CPU.Build.0 = Debug|Any CPU
		{D139C485-DC2C-49A7-A2CE-670B766A2350}.Debug|Any CPU.Deploy.0 = Debug|Any CPU
		{D139C485-DC2C-49A7-A2CE-670B766A2350}.Debug|ARM.ActiveCfg = Debug|Any CPU
		{D139C485-DC2C-49A7-A2CE-670B766A2350}.Debug|ARM.Build.0 = Debug|Any CPU
		{D139C485-DC2C-49A7-A2CE-670B766A2350}.Debug|ARM.Deploy.0 = Debug|Any CPU
		{D139C485-DC2C-49A7-A2CE-670B766A2350}.Debug|iPhone.ActiveCfg = Debug|Any CPU
		{D139C485-DC2C-49A7-A2CE-670B766A2350}.Debug|iPhone.Build.0 = Debug|Any CPU
		{D139C485-DC2C-49A7-A2CE-670B766A2350}.Debug|iPhone.Deploy.0 = Debug|Any CPU
		{D139C485-DC2C-49A7-A2CE-670B766A2350}.Debug|iPhoneSimulator.ActiveCfg = Debug|Any CPU
		{D139C485-DC2C-49A7-A2CE-670B766A2350}.Debug|iPhoneSimulator.Build.0 = Debug|Any CPU
		{D139C485-DC2C-49A7-A2CE-670B766A2350}.Debug|iPhoneSimulator.Deploy.0 = Debug|Any CPU
		{D139C485-DC2C-49A7-A2CE-670B766A2350}.Debug|x64.ActiveCfg = Debug|Any CPU
		{D139C485-DC2C-49A7-A2CE-670B766A2350}.Debug|x64.Build.0 = Debug|Any CPU
		{D139C485-DC2C-49A7-A2CE-670B766A2350}.Debug|x64.Deploy.0 = Debug|Any CPU
		{D139C485-DC2C-49A7-A2CE-670B766A2350}.Debug|x86.ActiveCfg = Debug|Any CPU
		{D139C485-DC2C-49A7-A2CE-670B766A2350}.Debug|x86.Build.0 = Debug|Any CPU
		{D139C485-DC2C-49A7-A2CE-670B766A2350}.Debug|x86.Deploy.0 = Debug|Any CPU
		{D139C485-DC2C-49A7-A2CE-670B766A2350}.Release|Any CPU.ActiveCfg = Release|Any CPU
		{D139C485-DC2C-49A7-A2CE-670B766A2350}.Release|Any CPU.Build.0 = Release|Any CPU
		{D139C485-DC2C-49A7-A2CE-670B766A2350}.Release|Any CPU.Deploy.0 = Release|Any CPU
		{D139C485-DC2C-49A7-A2CE-670B766A2350}.Release|ARM.ActiveCfg = Release|Any CPU
		{D139C485-DC2C-49A7-A2CE-670B766A2350}.Release|ARM.Build.0 = Release|Any CPU
		{D139C485-DC2C-49A7-A2CE-670B766A2350}.Release|ARM.Deploy.0 = Release|Any CPU
		{D139C485-DC2C-49A7-A2CE-670B766A2350}.Release|iPhone.ActiveCfg = Release|Any CPU
		{D139C485-DC2C-49A7-A2CE-670B766A2350}.Release|iPhone.Build.0 = Release|Any CPU
		{D139C485-DC2C-49A7-A2CE-670B766A2350}.Release|iPhone.Deploy.0 = Release|Any CPU
		{D139C485-DC2C-49A7-A2CE-670B766A2350}.Release|iPhoneSimulator.ActiveCfg = Release|Any CPU
		{D139C485-DC2C-49A7-A2CE-670B766A2350}.Release|iPhoneSimulator.Build.0 = Release|Any CPU
		{D139C485-DC2C-49A7-A2CE-670B766A2350}.Release|iPhoneSimulator.Deploy.0 = Release|Any CPU
		{D139C485-DC2C-49A7-A2CE-670B766A2350}.Release|x64.ActiveCfg = Release|Any CPU
		{D139C485-DC2C-49A7-A2CE-670B766A2350}.Release|x64.Build.0 = Release|Any CPU
		{D139C485-DC2C-49A7-A2CE-670B766A2350}.Release|x64.Deploy.0 = Release|Any CPU
		{D139C485-DC2C-49A7-A2CE-670B766A2350}.Release|x86.ActiveCfg = Release|Any CPU
		{D139C485-DC2C-49A7-A2CE-670B766A2350}.Release|x86.Build.0 = Release|Any CPU
		{D139C485-DC2C-49A7-A2CE-670B766A2350}.Release|x86.Deploy.0 = Release|Any CPU
	EndGlobalSection
	GlobalSection(SolutionProperties) = preSolution
		HideSolutionNode = FALSE
	EndGlobalSection
	GlobalSection(ExtensibilityGlobals) = postSolution
		SolutionGuid = {4633843B-9657-4EBD-8BA2-9ACEDAFFFD12}
	EndGlobalSection
EndGlobal
